
Microsoft Visual Studio Solution File, Format Version 12.00
# Visual Studio 15
VisualStudioVersion = 15.0.28307.168
MinimumVisualStudioVersion = 10.0.40219.1
Project("{FAE04EC0-301F-11D3-BF4B-00C04F79EFBC}") = "HelloCashAPIWrapper", "HelloCashAPIWrapper\HelloCashAPIWrapper.csproj", "{189A3146-8830-4616-A65B-B73FF32FD671}"
EndProject
Global
	GlobalSection(SolutionConfigurationPlatforms) = preSolution
		Debug|Any CPU = Debug|Any CPU
		Release|Any CPU = Release|Any CPU
	EndGlobalSection
	GlobalSection(ProjectConfigurationPlatforms) = postSolution
		{189A3146-8830-4616-A65B-B73FF32FD671}.Debug|Any CPU.ActiveCfg = Debug|Any CPU
		{189A3146-8830-4616-A65B-B73FF32FD671}.Debug|Any CPU.Build.0 = Debug|Any CPU
		{189A3146-8830-4616-A65B-B73FF32FD671}.Release|Any CPU.ActiveCfg = Release|Any CPU
		{189A3146-8830-4616-A65B-B73FF32FD671}.Release|Any CPU.Build.0 = Release|Any CPU
	EndGlobalSection
	GlobalSection(SolutionProperties) = preSolution
		HideSolutionNode = FALSE
	EndGlobalSection
	GlobalSection(ExtensibilityGlobals) = postSolution
		SolutionGuid = {B7DC394C-8D81-4746-B636-ED727B98E606}
	EndGlobalSection
EndGlobal
